
Microsoft Visual Studio Solution File, Format Version 12.00
# Visual Studio 15
VisualStudioVersion = 15.0.28010.2048
MinimumVisualStudioVersion = 10.0.40219.1
Project("{8BC9CEB8-8B4A-11D0-8D11-00A0C91BC942}") = "leet_code_929_unique_email_addresses", "leet_code_929_unique_email_addresses\leet_code_929_unique_email_addresses.vcxproj", "{C549CD65-5C20-446D-BD87-25D55D0EFD7B}"
EndProject
Global
	GlobalSection(SolutionConfigurationPlatforms) = preSolution
		Debug|x64 = Debug|x64
		Debug|x86 = Debug|x86
		Release|x64 = Release|x64
		Release|x86 = Release|x86
	EndGlobalSection
	GlobalSection(ProjectConfigurationPlatforms) = postSolution
		{C549CD65-5C20-446D-BD87-25D55D0EFD7B}.Debug|x64.ActiveCfg = Debug|x64
		{C549CD65-5C20-446D-BD87-25D55D0EFD7B}.Debug|x64.Build.0 = Debug|x64
		{C549CD65-5C20-446D-BD87-25D55D0EFD7B}.Debug|x86.ActiveCfg = Debug|Win32
		{C549CD65-5C20-446D-BD87-25D55D0EFD7B}.Debug|x86.Build.0 = Debug|Win32
		{C549CD65-5C20-446D-BD87-25D55D0EFD7B}.Release|x64.ActiveCfg = Release|x64
		{C549CD65-5C20-446D-BD87-25D55D0EFD7B}.Release|x64.Build.0 = Release|x64
		{C549CD65-5C20-446D-BD87-25D55D0EFD7B}.Release|x86.ActiveCfg = Release|Win32
		{C549CD65-5C20-446D-BD87-25D55D0EFD7B}.Release|x86.Build.0 = Release|Win32
	EndGlobalSection
	GlobalSection(SolutionProperties) = preSolution
		HideSolutionNode = FALSE
	EndGlobalSection
	GlobalSection(ExtensibilityGlobals) = postSolution
		SolutionGuid = {9C76197A-277C-444A-B258-829D4CE4E068}
	EndGlobalSection
EndGlobal
