
Microsoft Visual Studio Solution File, Format Version 12.00
# Visual Studio 15
VisualStudioVersion = 15.0.28010.2016
MinimumVisualStudioVersion = 10.0.40219.1
Project("{8BC9CEB8-8B4A-11D0-8D11-00A0C91BC942}") = "leet_code_371_sum_of_two_integers", "leet_code_371_sum_of_two_integers\leet_code_371_sum_of_two_integers.vcxproj", "{87B9FCD2-2A42-4F77-90E3-DC69066251BD}"
EndProject
Global
	GlobalSection(SolutionConfigurationPlatforms) = preSolution
		Debug|x64 = Debug|x64
		Debug|x86 = Debug|x86
		Release|x64 = Release|x64
		Release|x86 = Release|x86
	EndGlobalSection
	GlobalSection(ProjectConfigurationPlatforms) = postSolution
		{87B9FCD2-2A42-4F77-90E3-DC69066251BD}.Debug|x64.ActiveCfg = Debug|x64
		{87B9FCD2-2A42-4F77-90E3-DC69066251BD}.Debug|x64.Build.0 = Debug|x64
		{87B9FCD2-2A42-4F77-90E3-DC69066251BD}.Debug|x86.ActiveCfg = Debug|Win32
		{87B9FCD2-2A42-4F77-90E3-DC69066251BD}.Debug|x86.Build.0 = Debug|Win32
		{87B9FCD2-2A42-4F77-90E3-DC69066251BD}.Release|x64.ActiveCfg = Release|x64
		{87B9FCD2-2A42-4F77-90E3-DC69066251BD}.Release|x64.Build.0 = Release|x64
		{87B9FCD2-2A42-4F77-90E3-DC69066251BD}.Release|x86.ActiveCfg = Release|Win32
		{87B9FCD2-2A42-4F77-90E3-DC69066251BD}.Release|x86.Build.0 = Release|Win32
	EndGlobalSection
	GlobalSection(SolutionProperties) = preSolution
		HideSolutionNode = FALSE
	EndGlobalSection
	GlobalSection(ExtensibilityGlobals) = postSolution
		SolutionGuid = {C28653EB-C650-4F5F-9419-0633ADBA50A8}
	EndGlobalSection
EndGlobal
