
Microsoft Visual Studio Solution File, Format Version 12.00
# Visual Studio 15
VisualStudioVersion = 15.0.27703.2018
MinimumVisualStudioVersion = 10.0.40219.1
Project("{8BC9CEB8-8B4A-11D0-8D11-00A0C91BC942}") = "leet_code_463_island_perimeter", "leet_code_463_island_perimeter\leet_code_463_island_perimeter.vcxproj", "{3F38982A-2EF1-43F4-AC4E-0A77EB24BCBC}"
EndProject
Global
	GlobalSection(SolutionConfigurationPlatforms) = preSolution
		Debug|x64 = Debug|x64
		Debug|x86 = Debug|x86
		Release|x64 = Release|x64
		Release|x86 = Release|x86
	EndGlobalSection
	GlobalSection(ProjectConfigurationPlatforms) = postSolution
		{3F38982A-2EF1-43F4-AC4E-0A77EB24BCBC}.Debug|x64.ActiveCfg = Debug|x64
		{3F38982A-2EF1-43F4-AC4E-0A77EB24BCBC}.Debug|x64.Build.0 = Debug|x64
		{3F38982A-2EF1-43F4-AC4E-0A77EB24BCBC}.Debug|x86.ActiveCfg = Debug|Win32
		{3F38982A-2EF1-43F4-AC4E-0A77EB24BCBC}.Debug|x86.Build.0 = Debug|Win32
		{3F38982A-2EF1-43F4-AC4E-0A77EB24BCBC}.Release|x64.ActiveCfg = Release|x64
		{3F38982A-2EF1-43F4-AC4E-0A77EB24BCBC}.Release|x64.Build.0 = Release|x64
		{3F38982A-2EF1-43F4-AC4E-0A77EB24BCBC}.Release|x86.ActiveCfg = Release|Win32
		{3F38982A-2EF1-43F4-AC4E-0A77EB24BCBC}.Release|x86.Build.0 = Release|Win32
	EndGlobalSection
	GlobalSection(SolutionProperties) = preSolution
		HideSolutionNode = FALSE
	EndGlobalSection
	GlobalSection(ExtensibilityGlobals) = postSolution
		SolutionGuid = {9D4D9C53-BE3D-4F84-A94E-A24BE4B0DF42}
	EndGlobalSection
EndGlobal
