
Microsoft Visual Studio Solution File, Format Version 12.00
# Visual Studio 15
VisualStudioVersion = 15.0.28010.2046
MinimumVisualStudioVersion = 10.0.40219.1
Project("{8BC9CEB8-8B4A-11D0-8D11-00A0C91BC942}") = "leet_code_917_reverse_only_letters", "leet_code_917_reverse_only_letters\leet_code_917_reverse_only_letters.vcxproj", "{7E1A2E01-C87F-4A9C-AF25-5D3A752F1835}"
EndProject
Global
	GlobalSection(SolutionConfigurationPlatforms) = preSolution
		Debug|x64 = Debug|x64
		Debug|x86 = Debug|x86
		Release|x64 = Release|x64
		Release|x86 = Release|x86
	EndGlobalSection
	GlobalSection(ProjectConfigurationPlatforms) = postSolution
		{7E1A2E01-C87F-4A9C-AF25-5D3A752F1835}.Debug|x64.ActiveCfg = Debug|x64
		{7E1A2E01-C87F-4A9C-AF25-5D3A752F1835}.Debug|x64.Build.0 = Debug|x64
		{7E1A2E01-C87F-4A9C-AF25-5D3A752F1835}.Debug|x86.ActiveCfg = Debug|Win32
		{7E1A2E01-C87F-4A9C-AF25-5D3A752F1835}.Debug|x86.Build.0 = Debug|Win32
		{7E1A2E01-C87F-4A9C-AF25-5D3A752F1835}.Release|x64.ActiveCfg = Release|x64
		{7E1A2E01-C87F-4A9C-AF25-5D3A752F1835}.Release|x64.Build.0 = Release|x64
		{7E1A2E01-C87F-4A9C-AF25-5D3A752F1835}.Release|x86.ActiveCfg = Release|Win32
		{7E1A2E01-C87F-4A9C-AF25-5D3A752F1835}.Release|x86.Build.0 = Release|Win32
	EndGlobalSection
	GlobalSection(SolutionProperties) = preSolution
		HideSolutionNode = FALSE
	EndGlobalSection
	GlobalSection(ExtensibilityGlobals) = postSolution
		SolutionGuid = {B5F1607B-9F3C-4B8A-9EF9-6E4468082EE7}
	EndGlobalSection
EndGlobal
