
Microsoft Visual Studio Solution File, Format Version 12.00
# Visual Studio 15
VisualStudioVersion = 15.0.27703.2018
MinimumVisualStudioVersion = 10.0.40219.1
Project("{8BC9CEB8-8B4A-11D0-8D11-00A0C91BC942}") = "leet_code_496_next_greater_element_I", "leet_code_496_next_greater_element_I\leet_code_496_next_greater_element_I.vcxproj", "{B6321C8B-3428-47E7-8A42-196FDE345FBE}"
EndProject
Global
	GlobalSection(SolutionConfigurationPlatforms) = preSolution
		Debug|x64 = Debug|x64
		Debug|x86 = Debug|x86
		Release|x64 = Release|x64
		Release|x86 = Release|x86
	EndGlobalSection
	GlobalSection(ProjectConfigurationPlatforms) = postSolution
		{B6321C8B-3428-47E7-8A42-196FDE345FBE}.Debug|x64.ActiveCfg = Debug|x64
		{B6321C8B-3428-47E7-8A42-196FDE345FBE}.Debug|x64.Build.0 = Debug|x64
		{B6321C8B-3428-47E7-8A42-196FDE345FBE}.Debug|x86.ActiveCfg = Debug|Win32
		{B6321C8B-3428-47E7-8A42-196FDE345FBE}.Debug|x86.Build.0 = Debug|Win32
		{B6321C8B-3428-47E7-8A42-196FDE345FBE}.Release|x64.ActiveCfg = Release|x64
		{B6321C8B-3428-47E7-8A42-196FDE345FBE}.Release|x64.Build.0 = Release|x64
		{B6321C8B-3428-47E7-8A42-196FDE345FBE}.Release|x86.ActiveCfg = Release|Win32
		{B6321C8B-3428-47E7-8A42-196FDE345FBE}.Release|x86.Build.0 = Release|Win32
	EndGlobalSection
	GlobalSection(SolutionProperties) = preSolution
		HideSolutionNode = FALSE
	EndGlobalSection
	GlobalSection(ExtensibilityGlobals) = postSolution
		SolutionGuid = {637761AC-7471-4491-A81D-66ACCFF827C2}
	EndGlobalSection
EndGlobal
