
Microsoft Visual Studio Solution File, Format Version 12.00
# Visual Studio 15
VisualStudioVersion = 15.0.28010.2050
MinimumVisualStudioVersion = 10.0.40219.1
Project("{8BC9CEB8-8B4A-11D0-8D11-00A0C91BC942}") = "can_abstract_classes_be_templates", "can_abstract_classes_be_templates\can_abstract_classes_be_templates.vcxproj", "{B288203E-2D28-42E9-A26A-BEA35E6215EF}"
EndProject
Global
	GlobalSection(SolutionConfigurationPlatforms) = preSolution
		Debug|x64 = Debug|x64
		Debug|x86 = Debug|x86
		Release|x64 = Release|x64
		Release|x86 = Release|x86
	EndGlobalSection
	GlobalSection(ProjectConfigurationPlatforms) = postSolution
		{B288203E-2D28-42E9-A26A-BEA35E6215EF}.Debug|x64.ActiveCfg = Debug|x64
		{B288203E-2D28-42E9-A26A-BEA35E6215EF}.Debug|x64.Build.0 = Debug|x64
		{B288203E-2D28-42E9-A26A-BEA35E6215EF}.Debug|x86.ActiveCfg = Debug|Win32
		{B288203E-2D28-42E9-A26A-BEA35E6215EF}.Debug|x86.Build.0 = Debug|Win32
		{B288203E-2D28-42E9-A26A-BEA35E6215EF}.Release|x64.ActiveCfg = Release|x64
		{B288203E-2D28-42E9-A26A-BEA35E6215EF}.Release|x64.Build.0 = Release|x64
		{B288203E-2D28-42E9-A26A-BEA35E6215EF}.Release|x86.ActiveCfg = Release|Win32
		{B288203E-2D28-42E9-A26A-BEA35E6215EF}.Release|x86.Build.0 = Release|Win32
	EndGlobalSection
	GlobalSection(SolutionProperties) = preSolution
		HideSolutionNode = FALSE
	EndGlobalSection
	GlobalSection(ExtensibilityGlobals) = postSolution
		SolutionGuid = {3E6B77C1-24B5-48F6-91D2-C3B1EDDB0BB9}
	EndGlobalSection
EndGlobal
