
Microsoft Visual Studio Solution File, Format Version 12.00
# Visual Studio 15
VisualStudioVersion = 15.0.26730.16
MinimumVisualStudioVersion = 10.0.40219.1
Project("{8BC9CEB8-8B4A-11D0-8D11-00A0C91BC942}") = "BS_PPP_ch6_calculator", "BS_PPP_ch6_calculator\BS_PPP_ch6_calculator.vcxproj", "{B9B6FCBD-04C1-4E6F-A6F8-1A0D0BBBF348}"
EndProject
Global
	GlobalSection(SolutionConfigurationPlatforms) = preSolution
		Debug|x64 = Debug|x64
		Debug|x86 = Debug|x86
		Release|x64 = Release|x64
		Release|x86 = Release|x86
	EndGlobalSection
	GlobalSection(ProjectConfigurationPlatforms) = postSolution
		{B9B6FCBD-04C1-4E6F-A6F8-1A0D0BBBF348}.Debug|x64.ActiveCfg = Debug|x64
		{B9B6FCBD-04C1-4E6F-A6F8-1A0D0BBBF348}.Debug|x64.Build.0 = Debug|x64
		{B9B6FCBD-04C1-4E6F-A6F8-1A0D0BBBF348}.Debug|x86.ActiveCfg = Debug|Win32
		{B9B6FCBD-04C1-4E6F-A6F8-1A0D0BBBF348}.Debug|x86.Build.0 = Debug|Win32
		{B9B6FCBD-04C1-4E6F-A6F8-1A0D0BBBF348}.Release|x64.ActiveCfg = Release|x64
		{B9B6FCBD-04C1-4E6F-A6F8-1A0D0BBBF348}.Release|x64.Build.0 = Release|x64
		{B9B6FCBD-04C1-4E6F-A6F8-1A0D0BBBF348}.Release|x86.ActiveCfg = Release|Win32
		{B9B6FCBD-04C1-4E6F-A6F8-1A0D0BBBF348}.Release|x86.Build.0 = Release|Win32
	EndGlobalSection
	GlobalSection(SolutionProperties) = preSolution
		HideSolutionNode = FALSE
	EndGlobalSection
	GlobalSection(ExtensibilityGlobals) = postSolution
		SolutionGuid = {E1E2287F-1234-4154-A86C-76FFF74BE1C3}
	EndGlobalSection
EndGlobal
