
Microsoft Visual Studio Solution File, Format Version 12.00
# Visual Studio 15
VisualStudioVersion = 15.0.27428.2015
MinimumVisualStudioVersion = 10.0.40219.1
Project("{8BC9CEB8-8B4A-11D0-8D11-00A0C91BC942}") = "fibonacci_128_int", "fibonacci_128_int\fibonacci_128_int.vcxproj", "{7117F358-0310-4268-841A-284D53814E80}"
EndProject
Global
	GlobalSection(SolutionConfigurationPlatforms) = preSolution
		Debug|x64 = Debug|x64
		Debug|x86 = Debug|x86
		Release|x64 = Release|x64
		Release|x86 = Release|x86
	EndGlobalSection
	GlobalSection(ProjectConfigurationPlatforms) = postSolution
		{7117F358-0310-4268-841A-284D53814E80}.Debug|x64.ActiveCfg = Debug|x64
		{7117F358-0310-4268-841A-284D53814E80}.Debug|x64.Build.0 = Debug|x64
		{7117F358-0310-4268-841A-284D53814E80}.Debug|x86.ActiveCfg = Debug|Win32
		{7117F358-0310-4268-841A-284D53814E80}.Debug|x86.Build.0 = Debug|Win32
		{7117F358-0310-4268-841A-284D53814E80}.Release|x64.ActiveCfg = Release|x64
		{7117F358-0310-4268-841A-284D53814E80}.Release|x64.Build.0 = Release|x64
		{7117F358-0310-4268-841A-284D53814E80}.Release|x86.ActiveCfg = Release|Win32
		{7117F358-0310-4268-841A-284D53814E80}.Release|x86.Build.0 = Release|Win32
	EndGlobalSection
	GlobalSection(SolutionProperties) = preSolution
		HideSolutionNode = FALSE
	EndGlobalSection
	GlobalSection(ExtensibilityGlobals) = postSolution
		SolutionGuid = {B25B4128-8F10-4F06-A14E-0C8405E7EB4C}
	EndGlobalSection
EndGlobal
