
Microsoft Visual Studio Solution File, Format Version 12.00
# Visual Studio 15
VisualStudioVersion = 15.0.27703.2018
MinimumVisualStudioVersion = 10.0.40219.1
Project("{8BC9CEB8-8B4A-11D0-8D11-00A0C91BC942}") = "leet_code_521_longest_uncommon_subsequence_I", "leet_code_521_longest_uncommon_subsequence_I\leet_code_521_longest_uncommon_subsequence_I.vcxproj", "{1B429D2F-4004-4FAF-91B5-42130F291FF7}"
EndProject
Global
	GlobalSection(SolutionConfigurationPlatforms) = preSolution
		Debug|x64 = Debug|x64
		Debug|x86 = Debug|x86
		Release|x64 = Release|x64
		Release|x86 = Release|x86
	EndGlobalSection
	GlobalSection(ProjectConfigurationPlatforms) = postSolution
		{1B429D2F-4004-4FAF-91B5-42130F291FF7}.Debug|x64.ActiveCfg = Debug|x64
		{1B429D2F-4004-4FAF-91B5-42130F291FF7}.Debug|x64.Build.0 = Debug|x64
		{1B429D2F-4004-4FAF-91B5-42130F291FF7}.Debug|x86.ActiveCfg = Debug|Win32
		{1B429D2F-4004-4FAF-91B5-42130F291FF7}.Debug|x86.Build.0 = Debug|Win32
		{1B429D2F-4004-4FAF-91B5-42130F291FF7}.Release|x64.ActiveCfg = Release|x64
		{1B429D2F-4004-4FAF-91B5-42130F291FF7}.Release|x64.Build.0 = Release|x64
		{1B429D2F-4004-4FAF-91B5-42130F291FF7}.Release|x86.ActiveCfg = Release|Win32
		{1B429D2F-4004-4FAF-91B5-42130F291FF7}.Release|x86.Build.0 = Release|Win32
	EndGlobalSection
	GlobalSection(SolutionProperties) = preSolution
		HideSolutionNode = FALSE
	EndGlobalSection
	GlobalSection(ExtensibilityGlobals) = postSolution
		SolutionGuid = {3C62B058-65E1-443B-8ACD-D5D572A616DC}
	EndGlobalSection
EndGlobal
