
Microsoft Visual Studio Solution File, Format Version 12.00
# Visual Studio 15
VisualStudioVersion = 15.0.28010.2050
MinimumVisualStudioVersion = 10.0.40219.1
Project("{8BC9CEB8-8B4A-11D0-8D11-00A0C91BC942}") = "leet_code_912_sort_array", "leet_code_912_sort_array\leet_code_912_sort_array.vcxproj", "{7F285DC8-C884-4009-B33F-9FB6D43CA54B}"
EndProject
Global
	GlobalSection(SolutionConfigurationPlatforms) = preSolution
		Debug|x64 = Debug|x64
		Debug|x86 = Debug|x86
		Release|x64 = Release|x64
		Release|x86 = Release|x86
	EndGlobalSection
	GlobalSection(ProjectConfigurationPlatforms) = postSolution
		{7F285DC8-C884-4009-B33F-9FB6D43CA54B}.Debug|x64.ActiveCfg = Debug|x64
		{7F285DC8-C884-4009-B33F-9FB6D43CA54B}.Debug|x64.Build.0 = Debug|x64
		{7F285DC8-C884-4009-B33F-9FB6D43CA54B}.Debug|x86.ActiveCfg = Debug|Win32
		{7F285DC8-C884-4009-B33F-9FB6D43CA54B}.Debug|x86.Build.0 = Debug|Win32
		{7F285DC8-C884-4009-B33F-9FB6D43CA54B}.Release|x64.ActiveCfg = Release|x64
		{7F285DC8-C884-4009-B33F-9FB6D43CA54B}.Release|x64.Build.0 = Release|x64
		{7F285DC8-C884-4009-B33F-9FB6D43CA54B}.Release|x86.ActiveCfg = Release|Win32
		{7F285DC8-C884-4009-B33F-9FB6D43CA54B}.Release|x86.Build.0 = Release|Win32
	EndGlobalSection
	GlobalSection(SolutionProperties) = preSolution
		HideSolutionNode = FALSE
	EndGlobalSection
	GlobalSection(ExtensibilityGlobals) = postSolution
		SolutionGuid = {80678BB8-9905-43BF-B350-A1D2947DE193}
	EndGlobalSection
EndGlobal
