
Microsoft Visual Studio Solution File, Format Version 12.00
# Visual Studio 15
VisualStudioVersion = 15.0.28010.2016
MinimumVisualStudioVersion = 10.0.40219.1
Project("{8BC9CEB8-8B4A-11D0-8D11-00A0C91BC942}") = "leet_code_349_intersection_of_two_arrays", "leet_code_349_intersection_of_two_arrays\leet_code_349_intersection_of_two_arrays.vcxproj", "{C6824312-B0BA-4652-9192-AC2348080062}"
EndProject
Global
	GlobalSection(SolutionConfigurationPlatforms) = preSolution
		Debug|x64 = Debug|x64
		Debug|x86 = Debug|x86
		Release|x64 = Release|x64
		Release|x86 = Release|x86
	EndGlobalSection
	GlobalSection(ProjectConfigurationPlatforms) = postSolution
		{C6824312-B0BA-4652-9192-AC2348080062}.Debug|x64.ActiveCfg = Debug|x64
		{C6824312-B0BA-4652-9192-AC2348080062}.Debug|x64.Build.0 = Debug|x64
		{C6824312-B0BA-4652-9192-AC2348080062}.Debug|x86.ActiveCfg = Debug|Win32
		{C6824312-B0BA-4652-9192-AC2348080062}.Debug|x86.Build.0 = Debug|Win32
		{C6824312-B0BA-4652-9192-AC2348080062}.Release|x64.ActiveCfg = Release|x64
		{C6824312-B0BA-4652-9192-AC2348080062}.Release|x64.Build.0 = Release|x64
		{C6824312-B0BA-4652-9192-AC2348080062}.Release|x86.ActiveCfg = Release|Win32
		{C6824312-B0BA-4652-9192-AC2348080062}.Release|x86.Build.0 = Release|Win32
	EndGlobalSection
	GlobalSection(SolutionProperties) = preSolution
		HideSolutionNode = FALSE
	EndGlobalSection
	GlobalSection(ExtensibilityGlobals) = postSolution
		SolutionGuid = {D360C9D4-DF44-48F6-8D77-902B65147983}
	EndGlobalSection
EndGlobal
