
Microsoft Visual Studio Solution File, Format Version 12.00
# Visual Studio 15
VisualStudioVersion = 15.0.28010.2050
MinimumVisualStudioVersion = 10.0.40219.1
Project("{8BC9CEB8-8B4A-11D0-8D11-00A0C91BC942}") = "leet_code_883_projection_area_of_3d_shapes", "leet_code_883_projection_area_of_3d_shapes\leet_code_883_projection_area_of_3d_shapes.vcxproj", "{03F0E0A1-E0CD-4FA4-867E-5321AB07ECAC}"
EndProject
Global
	GlobalSection(SolutionConfigurationPlatforms) = preSolution
		Debug|x64 = Debug|x64
		Debug|x86 = Debug|x86
		Release|x64 = Release|x64
		Release|x86 = Release|x86
	EndGlobalSection
	GlobalSection(ProjectConfigurationPlatforms) = postSolution
		{03F0E0A1-E0CD-4FA4-867E-5321AB07ECAC}.Debug|x64.ActiveCfg = Debug|x64
		{03F0E0A1-E0CD-4FA4-867E-5321AB07ECAC}.Debug|x64.Build.0 = Debug|x64
		{03F0E0A1-E0CD-4FA4-867E-5321AB07ECAC}.Debug|x86.ActiveCfg = Debug|Win32
		{03F0E0A1-E0CD-4FA4-867E-5321AB07ECAC}.Debug|x86.Build.0 = Debug|Win32
		{03F0E0A1-E0CD-4FA4-867E-5321AB07ECAC}.Release|x64.ActiveCfg = Release|x64
		{03F0E0A1-E0CD-4FA4-867E-5321AB07ECAC}.Release|x64.Build.0 = Release|x64
		{03F0E0A1-E0CD-4FA4-867E-5321AB07ECAC}.Release|x86.ActiveCfg = Release|Win32
		{03F0E0A1-E0CD-4FA4-867E-5321AB07ECAC}.Release|x86.Build.0 = Release|Win32
	EndGlobalSection
	GlobalSection(SolutionProperties) = preSolution
		HideSolutionNode = FALSE
	EndGlobalSection
	GlobalSection(ExtensibilityGlobals) = postSolution
		SolutionGuid = {C16ED87E-DCE3-42C1-9AF9-20DFEC7DA04B}
	EndGlobalSection
EndGlobal
