
Microsoft Visual Studio Solution File, Format Version 12.00
# Visual Studio 15
VisualStudioVersion = 15.0.27703.2018
MinimumVisualStudioVersion = 10.0.40219.1
Project("{8BC9CEB8-8B4A-11D0-8D11-00A0C91BC942}") = "leet_code_557_reverse_words", "leet_code_557_reverse_words\leet_code_557_reverse_words.vcxproj", "{94EBB925-C692-409C-8D17-785713BC3F1C}"
EndProject
Global
	GlobalSection(SolutionConfigurationPlatforms) = preSolution
		Debug|x64 = Debug|x64
		Debug|x86 = Debug|x86
		Release|x64 = Release|x64
		Release|x86 = Release|x86
	EndGlobalSection
	GlobalSection(ProjectConfigurationPlatforms) = postSolution
		{94EBB925-C692-409C-8D17-785713BC3F1C}.Debug|x64.ActiveCfg = Debug|x64
		{94EBB925-C692-409C-8D17-785713BC3F1C}.Debug|x64.Build.0 = Debug|x64
		{94EBB925-C692-409C-8D17-785713BC3F1C}.Debug|x86.ActiveCfg = Debug|Win32
		{94EBB925-C692-409C-8D17-785713BC3F1C}.Debug|x86.Build.0 = Debug|Win32
		{94EBB925-C692-409C-8D17-785713BC3F1C}.Release|x64.ActiveCfg = Release|x64
		{94EBB925-C692-409C-8D17-785713BC3F1C}.Release|x64.Build.0 = Release|x64
		{94EBB925-C692-409C-8D17-785713BC3F1C}.Release|x86.ActiveCfg = Release|Win32
		{94EBB925-C692-409C-8D17-785713BC3F1C}.Release|x86.Build.0 = Release|Win32
	EndGlobalSection
	GlobalSection(SolutionProperties) = preSolution
		HideSolutionNode = FALSE
	EndGlobalSection
	GlobalSection(ExtensibilityGlobals) = postSolution
		SolutionGuid = {7545376B-7414-48D0-AECA-1C4B1AE9022B}
	EndGlobalSection
EndGlobal
